
Microsoft Visual Studio Solution File, Format Version 12.00
# Visual Studio 15
VisualStudioVersion = 15.0.26124.0
MinimumVisualStudioVersion = 15.0.26124.0
Project("{FAE04EC0-301F-11D3-BF4B-00C04F79EFBC}") = "Steganography.Core", "Steganography.Core\Steganography.Core.csproj", "{AF26AE4D-A883-4EC0-9DE0-B87E29BD685F}"
EndProject
Project("{FAE04EC0-301F-11D3-BF4B-00C04F79EFBC}") = "Steganography.Tests", "Steganography.Tests\Steganography.Tests.csproj", "{C4341B70-E5E1-4211-9FEC-04C4583EEBFC}"
EndProject
Project("{FAE04EC0-301F-11D3-BF4B-00C04F79EFBC}") = "Steganography.Driver", "Steganography.Driver\Steganography.Driver.csproj", "{4E11ED41-AE2F-4405-8FDC-0C19062FC5E1}"
EndProject
Global
	GlobalSection(SolutionConfigurationPlatforms) = preSolution
		Debug|Any CPU = Debug|Any CPU
		Debug|x64 = Debug|x64
		Debug|x86 = Debug|x86
		Release|Any CPU = Release|Any CPU
		Release|x64 = Release|x64
		Release|x86 = Release|x86
	EndGlobalSection
	GlobalSection(SolutionProperties) = preSolution
		HideSolutionNode = FALSE
	EndGlobalSection
	GlobalSection(ProjectConfigurationPlatforms) = postSolution
		{AF26AE4D-A883-4EC0-9DE0-B87E29BD685F}.Debug|Any CPU.ActiveCfg = Debug|Any CPU
		{AF26AE4D-A883-4EC0-9DE0-B87E29BD685F}.Debug|Any CPU.Build.0 = Debug|Any CPU
		{AF26AE4D-A883-4EC0-9DE0-B87E29BD685F}.Debug|x64.ActiveCfg = Debug|Any CPU
		{AF26AE4D-A883-4EC0-9DE0-B87E29BD685F}.Debug|x64.Build.0 = Debug|Any CPU
		{AF26AE4D-A883-4EC0-9DE0-B87E29BD685F}.Debug|x86.ActiveCfg = Debug|Any CPU
		{AF26AE4D-A883-4EC0-9DE0-B87E29BD685F}.Debug|x86.Build.0 = Debug|Any CPU
		{AF26AE4D-A883-4EC0-9DE0-B87E29BD685F}.Release|Any CPU.ActiveCfg = Release|Any CPU
		{AF26AE4D-A883-4EC0-9DE0-B87E29BD685F}.Release|Any CPU.Build.0 = Release|Any CPU
		{AF26AE4D-A883-4EC0-9DE0-B87E29BD685F}.Release|x64.ActiveCfg = Release|Any CPU
		{AF26AE4D-A883-4EC0-9DE0-B87E29BD685F}.Release|x64.Build.0 = Release|Any CPU
		{AF26AE4D-A883-4EC0-9DE0-B87E29BD685F}.Release|x86.ActiveCfg = Release|Any CPU
		{AF26AE4D-A883-4EC0-9DE0-B87E29BD685F}.Release|x86.Build.0 = Release|Any CPU
		{C4341B70-E5E1-4211-9FEC-04C4583EEBFC}.Debug|Any CPU.ActiveCfg = Debug|Any CPU
		{C4341B70-E5E1-4211-9FEC-04C4583EEBFC}.Debug|Any CPU.Build.0 = Debug|Any CPU
		{C4341B70-E5E1-4211-9FEC-04C4583EEBFC}.Debug|x64.ActiveCfg = Debug|Any CPU
		{C4341B70-E5E1-4211-9FEC-04C4583EEBFC}.Debug|x64.Build.0 = Debug|Any CPU
		{C4341B70-E5E1-4211-9FEC-04C4583EEBFC}.Debug|x86.ActiveCfg = Debug|Any CPU
		{C4341B70-E5E1-4211-9FEC-04C4583EEBFC}.Debug|x86.Build.0 = Debug|Any CPU
		{C4341B70-E5E1-4211-9FEC-04C4583EEBFC}.Release|Any CPU.ActiveCfg = Release|Any CPU
		{C4341B70-E5E1-4211-9FEC-04C4583EEBFC}.Release|Any CPU.Build.0 = Release|Any CPU
		{C4341B70-E5E1-4211-9FEC-04C4583EEBFC}.Release|x64.ActiveCfg = Release|Any CPU
		{C4341B70-E5E1-4211-9FEC-04C4583EEBFC}.Release|x64.Build.0 = Release|Any CPU
		{C4341B70-E5E1-4211-9FEC-04C4583EEBFC}.Release|x86.ActiveCfg = Release|Any CPU
		{C4341B70-E5E1-4211-9FEC-04C4583EEBFC}.Release|x86.Build.0 = Release|Any CPU
		{4E11ED41-AE2F-4405-8FDC-0C19062FC5E1}.Debug|Any CPU.ActiveCfg = Debug|Any CPU
		{4E11ED41-AE2F-4405-8FDC-0C19062FC5E1}.Debug|Any CPU.Build.0 = Debug|Any CPU
		{4E11ED41-AE2F-4405-8FDC-0C19062FC5E1}.Debug|x64.ActiveCfg = Debug|Any CPU
		{4E11ED41-AE2F-4405-8FDC-0C19062FC5E1}.Debug|x64.Build.0 = Debug|Any CPU
		{4E11ED41-AE2F-4405-8FDC-0C19062FC5E1}.Debug|x86.ActiveCfg = Debug|Any CPU
		{4E11ED41-AE2F-4405-8FDC-0C19062FC5E1}.Debug|x86.Build.0 = Debug|Any CPU
		{4E11ED41-AE2F-4405-8FDC-0C19062FC5E1}.Release|Any CPU.ActiveCfg = Release|Any CPU
		{4E11ED41-AE2F-4405-8FDC-0C19062FC5E1}.Release|Any CPU.Build.0 = Release|Any CPU
		{4E11ED41-AE2F-4405-8FDC-0C19062FC5E1}.Release|x64.ActiveCfg = Release|Any CPU
		{4E11ED41-AE2F-4405-8FDC-0C19062FC5E1}.Release|x64.Build.0 = Release|Any CPU
		{4E11ED41-AE2F-4405-8FDC-0C19062FC5E1}.Release|x86.ActiveCfg = Release|Any CPU
		{4E11ED41-AE2F-4405-8FDC-0C19062FC5E1}.Release|x86.Build.0 = Release|Any CPU
	EndGlobalSection
EndGlobal
